
Microsoft Visual Studio Solution File, Format Version 12.00
# Visual Studio 2013
VisualStudioVersion = 12.0.30501.0
MinimumVisualStudioVersion = 10.0.40219.1
Project("{FAE04EC0-301F-11D3-BF4B-00C04F79EFBC}") = "Versionit", "Versionit.Console\Versionit.csproj", "{9A43371B-CF53-44F1-AE83-20F67651BC0B}"
EndProject
Project("{FAE04EC0-301F-11D3-BF4B-00C04F79EFBC}") = "Versionit.Sample", "Versionit.Sample\Versionit.Sample.csproj", "{8131C847-DB1E-405B-AEF1-8288393F2EE0}"
EndProject
Project("{FAE04EC0-301F-11D3-BF4B-00C04F79EFBC}") = "Versionit.Tests", "Versionit.Tests\Versionit.Tests.csproj", "{42169DC6-68E7-4A82-BB04-1063909E62DD}"
EndProject
Global
	GlobalSection(SolutionConfigurationPlatforms) = preSolution
		Debug|Any CPU = Debug|Any CPU
		Release|Any CPU = Release|Any CPU
	EndGlobalSection
	GlobalSection(ProjectConfigurationPlatforms) = postSolution
		{9A43371B-CF53-44F1-AE83-20F67651BC0B}.Debug|Any CPU.ActiveCfg = Debug|Any CPU
		{9A43371B-CF53-44F1-AE83-20F67651BC0B}.Debug|Any CPU.Build.0 = Debug|Any CPU
		{9A43371B-CF53-44F1-AE83-20F67651BC0B}.Release|Any CPU.ActiveCfg = Release|Any CPU
		{9A43371B-CF53-44F1-AE83-20F67651BC0B}.Release|Any CPU.Build.0 = Release|Any CPU
		{8131C847-DB1E-405B-AEF1-8288393F2EE0}.Debug|Any CPU.ActiveCfg = Debug|Any CPU
		{8131C847-DB1E-405B-AEF1-8288393F2EE0}.Debug|Any CPU.Build.0 = Debug|Any CPU
		{8131C847-DB1E-405B-AEF1-8288393F2EE0}.Release|Any CPU.ActiveCfg = Release|Any CPU
		{8131C847-DB1E-405B-AEF1-8288393F2EE0}.Release|Any CPU.Build.0 = Release|Any CPU
		{42169DC6-68E7-4A82-BB04-1063909E62DD}.Debug|Any CPU.ActiveCfg = Debug|Any CPU
		{42169DC6-68E7-4A82-BB04-1063909E62DD}.Debug|Any CPU.Build.0 = Debug|Any CPU
		{42169DC6-68E7-4A82-BB04-1063909E62DD}.Release|Any CPU.ActiveCfg = Release|Any CPU
		{42169DC6-68E7-4A82-BB04-1063909E62DD}.Release|Any CPU.Build.0 = Release|Any CPU
	EndGlobalSection
	GlobalSection(SolutionProperties) = preSolution
		HideSolutionNode = FALSE
	EndGlobalSection
EndGlobal
